
Microsoft Visual Studio Solution File, Format Version 12.00
# Visual Studio 14
VisualStudioVersion = 14.0.25420.1
MinimumVisualStudioVersion = 10.0.40219.1
Project("{2150E333-8FDC-42A3-9474-1A3956D46DE8}") = "1 - Presentation", "1 - Presentation", "{E3338864-4FD0-45AA-9FAF-BF16F2AF89D1}"
EndProject
Project("{2150E333-8FDC-42A3-9474-1A3956D46DE8}") = "Z - EasyLOB Core", "Z - EasyLOB Core", "{3EBA7073-3686-4E0A-904B-04FD2075FEED}"
EndProject
Project("{2150E333-8FDC-42A3-9474-1A3956D46DE8}") = "Library", "Library", "{16C39804-DFD3-4084-B418-0446C5BB7B75}"
EndProject
Project("{FAE04EC0-301F-11D3-BF4B-00C04F79EFBC}") = "EasyLOB.Library", "..\EasyLOB-2\EasyLOB.Library\EasyLOB.Library\EasyLOB.Library.csproj", "{55B7716B-36A3-442D-9E9E-9CAAB7DB592E}"
EndProject
Project("{2150E333-8FDC-42A3-9474-1A3956D46DE8}") = "Extensions", "Extensions", "{4625B128-3F28-4DAA-89FD-751669468EF6}"
EndProject
Project("{2150E333-8FDC-42A3-9474-1A3956D46DE8}") = "Log", "Log", "{B1BD7AED-B651-4750-BBDE-9813321062F0}"
EndProject
Project("{FAE04EC0-301F-11D3-BF4B-00C04F79EFBC}") = "EasyLOB.Log", "..\EasyLOB-2\EasyLOB.Log\EasyLOB.Log\EasyLOB.Log.csproj", "{0352F43E-27DF-4FCE-86BC-DA3F6EAD005A}"
EndProject
Project("{FAE04EC0-301F-11D3-BF4B-00C04F79EFBC}") = "EasyLOB.LogManager", "..\EasyLOB-2\EasyLOB.Log\EasyLOB.LogManager\EasyLOB.LogManager.csproj", "{81E6E9D2-E870-46EE-9FCB-3EE959479A87}"
EndProject
Project("{FAE04EC0-301F-11D3-BF4B-00C04F79EFBC}") = "EasyLOB.Extensions.Edm", "..\EasyLOB-2\EasyLOB.Extensions\EasyLOB.Extensions.Edm\EasyLOB.Extensions.Edm.csproj", "{E876D7FB-2103-44D7-84D1-2DB735423C9C}"
EndProject
Project("{FAE04EC0-301F-11D3-BF4B-00C04F79EFBC}") = "EasyLOB.Shell", "EasyLOB.Shell\EasyLOB.Shell.csproj", "{F9A59A9C-37EF-45B1-9519-F87E28AE7CC1}"
EndProject
Project("{FAE04EC0-301F-11D3-BF4B-00C04F79EFBC}") = "EasyLOB", "..\EasyLOB-2\EasyLOB\EasyLOB.csproj", "{6706907A-8932-46E7-A1C8-7575130FF8F7}"
EndProject
Project("{FAE04EC0-301F-11D3-BF4B-00C04F79EFBC}") = "EasyLOB.Library.Mvc", "..\EasyLOB-2\EasyLOB.Library\EasyLOB.Library.Mvc\EasyLOB.Library.Mvc.csproj", "{1C0B1E61-C978-4BB9-B2CF-AD173B9844F5}"
EndProject
Project("{FAE04EC0-301F-11D3-BF4B-00C04F79EFBC}") = "EasyLOB.Extensions.Ini", "..\EasyLOB-2\EasyLOB.Extensions\EasyLOB.Extensions.Ini\EasyLOB.Extensions.Ini.csproj", "{7A3B48CD-B1EF-494E-8692-6D8A26997F07}"
EndProject
Global
	GlobalSection(SolutionConfigurationPlatforms) = preSolution
		Debug|Any CPU = Debug|Any CPU
		Release|Any CPU = Release|Any CPU
	EndGlobalSection
	GlobalSection(ProjectConfigurationPlatforms) = postSolution
		{55B7716B-36A3-442D-9E9E-9CAAB7DB592E}.Debug|Any CPU.ActiveCfg = Debug|Any CPU
		{55B7716B-36A3-442D-9E9E-9CAAB7DB592E}.Debug|Any CPU.Build.0 = Debug|Any CPU
		{55B7716B-36A3-442D-9E9E-9CAAB7DB592E}.Release|Any CPU.ActiveCfg = Release|Any CPU
		{55B7716B-36A3-442D-9E9E-9CAAB7DB592E}.Release|Any CPU.Build.0 = Release|Any CPU
		{0352F43E-27DF-4FCE-86BC-DA3F6EAD005A}.Debug|Any CPU.ActiveCfg = Debug|Any CPU
		{0352F43E-27DF-4FCE-86BC-DA3F6EAD005A}.Debug|Any CPU.Build.0 = Debug|Any CPU
		{0352F43E-27DF-4FCE-86BC-DA3F6EAD005A}.Release|Any CPU.ActiveCfg = Release|Any CPU
		{0352F43E-27DF-4FCE-86BC-DA3F6EAD005A}.Release|Any CPU.Build.0 = Release|Any CPU
		{81E6E9D2-E870-46EE-9FCB-3EE959479A87}.Debug|Any CPU.ActiveCfg = Debug|Any CPU
		{81E6E9D2-E870-46EE-9FCB-3EE959479A87}.Debug|Any CPU.Build.0 = Debug|Any CPU
		{81E6E9D2-E870-46EE-9FCB-3EE959479A87}.Release|Any CPU.ActiveCfg = Release|Any CPU
		{81E6E9D2-E870-46EE-9FCB-3EE959479A87}.Release|Any CPU.Build.0 = Release|Any CPU
		{E876D7FB-2103-44D7-84D1-2DB735423C9C}.Debug|Any CPU.ActiveCfg = Debug|Any CPU
		{E876D7FB-2103-44D7-84D1-2DB735423C9C}.Debug|Any CPU.Build.0 = Debug|Any CPU
		{E876D7FB-2103-44D7-84D1-2DB735423C9C}.Release|Any CPU.ActiveCfg = Release|Any CPU
		{E876D7FB-2103-44D7-84D1-2DB735423C9C}.Release|Any CPU.Build.0 = Release|Any CPU
		{F9A59A9C-37EF-45B1-9519-F87E28AE7CC1}.Debug|Any CPU.ActiveCfg = Debug|Any CPU
		{F9A59A9C-37EF-45B1-9519-F87E28AE7CC1}.Debug|Any CPU.Build.0 = Debug|Any CPU
		{F9A59A9C-37EF-45B1-9519-F87E28AE7CC1}.Release|Any CPU.ActiveCfg = Release|Any CPU
		{F9A59A9C-37EF-45B1-9519-F87E28AE7CC1}.Release|Any CPU.Build.0 = Release|Any CPU
		{6706907A-8932-46E7-A1C8-7575130FF8F7}.Debug|Any CPU.ActiveCfg = Debug|Any CPU
		{6706907A-8932-46E7-A1C8-7575130FF8F7}.Debug|Any CPU.Build.0 = Debug|Any CPU
		{6706907A-8932-46E7-A1C8-7575130FF8F7}.Release|Any CPU.ActiveCfg = Release|Any CPU
		{6706907A-8932-46E7-A1C8-7575130FF8F7}.Release|Any CPU.Build.0 = Release|Any CPU
		{1C0B1E61-C978-4BB9-B2CF-AD173B9844F5}.Debug|Any CPU.ActiveCfg = Debug|Any CPU
		{1C0B1E61-C978-4BB9-B2CF-AD173B9844F5}.Debug|Any CPU.Build.0 = Debug|Any CPU
		{1C0B1E61-C978-4BB9-B2CF-AD173B9844F5}.Release|Any CPU.ActiveCfg = Release|Any CPU
		{1C0B1E61-C978-4BB9-B2CF-AD173B9844F5}.Release|Any CPU.Build.0 = Release|Any CPU
		{7A3B48CD-B1EF-494E-8692-6D8A26997F07}.Debug|Any CPU.ActiveCfg = Debug|Any CPU
		{7A3B48CD-B1EF-494E-8692-6D8A26997F07}.Debug|Any CPU.Build.0 = Debug|Any CPU
		{7A3B48CD-B1EF-494E-8692-6D8A26997F07}.Release|Any CPU.ActiveCfg = Release|Any CPU
		{7A3B48CD-B1EF-494E-8692-6D8A26997F07}.Release|Any CPU.Build.0 = Release|Any CPU
	EndGlobalSection
	GlobalSection(SolutionProperties) = preSolution
		HideSolutionNode = FALSE
	EndGlobalSection
	GlobalSection(NestedProjects) = preSolution
		{16C39804-DFD3-4084-B418-0446C5BB7B75} = {3EBA7073-3686-4E0A-904B-04FD2075FEED}
		{55B7716B-36A3-442D-9E9E-9CAAB7DB592E} = {16C39804-DFD3-4084-B418-0446C5BB7B75}
		{4625B128-3F28-4DAA-89FD-751669468EF6} = {3EBA7073-3686-4E0A-904B-04FD2075FEED}
		{B1BD7AED-B651-4750-BBDE-9813321062F0} = {3EBA7073-3686-4E0A-904B-04FD2075FEED}
		{0352F43E-27DF-4FCE-86BC-DA3F6EAD005A} = {B1BD7AED-B651-4750-BBDE-9813321062F0}
		{81E6E9D2-E870-46EE-9FCB-3EE959479A87} = {B1BD7AED-B651-4750-BBDE-9813321062F0}
		{E876D7FB-2103-44D7-84D1-2DB735423C9C} = {4625B128-3F28-4DAA-89FD-751669468EF6}
		{F9A59A9C-37EF-45B1-9519-F87E28AE7CC1} = {E3338864-4FD0-45AA-9FAF-BF16F2AF89D1}
		{6706907A-8932-46E7-A1C8-7575130FF8F7} = {3EBA7073-3686-4E0A-904B-04FD2075FEED}
		{1C0B1E61-C978-4BB9-B2CF-AD173B9844F5} = {16C39804-DFD3-4084-B418-0446C5BB7B75}
		{7A3B48CD-B1EF-494E-8692-6D8A26997F07} = {4625B128-3F28-4DAA-89FD-751669468EF6}
	EndGlobalSection
EndGlobal
